Microsoft Visual Studio Solution File, Format Version 12.00
# Visual Studio Version 17
VisualStudioVersion = 17.5.2.0
MinimumVisualStudioVersion = 10.0.40219.1
Project("{FAE04EC0-301F-11D3-BF4B-00C04F79EFBC}") = "supersportgallert", "supersportgallert.csproj", "{45570E99-65D3-0846-1295-6E059948EF1B}"
EndProject
Global
	GlobalSection(SolutionConfigurationPlatforms) = preSolution
		Debug|Any CPU = Debug|Any CPU
		Release|Any CPU = Release|Any CPU
	EndGlobalSection
	GlobalSection(ProjectConfigurationPlatforms) = postSolution
		{45570E99-65D3-0846-1295-6E059948EF1B}.Debug|Any CPU.ActiveCfg = Debug|Any CPU
		{45570E99-65D3-0846-1295-6E059948EF1B}.Debug|Any CPU.Build.0 = Debug|Any CPU
		{45570E99-65D3-0846-1295-6E059948EF1B}.Release|Any CPU.ActiveCfg = Release|Any CPU
		{45570E99-65D3-0846-1295-6E059948EF1B}.Release|Any CPU.Build.0 = Release|Any CPU
	EndGlobalSection
	GlobalSection(SolutionProperties) = preSolution
		HideSolutionNode = FALSE
	EndGlobalSection
	GlobalSection(ExtensibilityGlobals) = postSolution
		SolutionGuid = {7128D089-D0E3-4278-B230-775985A283BE}
	EndGlobalSection
EndGlobal
